
Microsoft Visual Studio Solution File, Format Version 12.00
# Visual Studio Version 16
VisualStudioVersion = 16.0.31424.327
MinimumVisualStudioVersion = 10.0.40219.1
Project("{FAE04EC0-301F-11D3-BF4B-00C04F79EFBC}") = "GakujoGUI", "GakujoGUI\GakujoGUI.csproj", "{D6544BB3-79A7-442B-B576-8CB7D5AC4BD6}"
EndProject
Global
	GlobalSection(SolutionConfigurationPlatforms) = preSolution
		Debug|Any CPU = Debug|Any CPU
		Release|Any CPU = Release|Any CPU
	EndGlobalSection
	GlobalSection(ProjectConfigurationPlatforms) = postSolution
		{D6544BB3-79A7-442B-B576-8CB7D5AC4BD6}.Debug|Any CPU.ActiveCfg = Debug|Any CPU
		{D6544BB3-79A7-442B-B576-8CB7D5AC4BD6}.Debug|Any CPU.Build.0 = Debug|Any CPU
		{D6544BB3-79A7-442B-B576-8CB7D5AC4BD6}.Release|Any CPU.ActiveCfg = Release|Any CPU
		{D6544BB3-79A7-442B-B576-8CB7D5AC4BD6}.Release|Any CPU.Build.0 = Release|Any CPU
	EndGlobalSection
	GlobalSection(SolutionProperties) = preSolution
		HideSolutionNode = FALSE
	EndGlobalSection
	GlobalSection(ExtensibilityGlobals) = postSolution
		SolutionGuid = {1D152CEC-EEC4-46B6-BB20-C9AE0DD09653}
	EndGlobalSection
EndGlobal
